
Microsoft Visual Studio Solution File, Format Version 12.00
# Visual Studio 2012
Project("{8BC9CEB8-8B4A-11D0-8D11-00A0C91BC942}") = "ACA2", "ACA2\ACA2.vcxproj", "{B1DC1847-4B7D-4718-8F9D-40291AC3CB4E}"
EndProject
Global
	GlobalSection(SolutionConfigurationPlatforms) = preSolution
		Debug|Win32 = Debug|Win32
		Max|Win32 = Max|Win32
		Release|Win32 = Release|Win32
	EndGlobalSection
	GlobalSection(ProjectConfigurationPlatforms) = postSolution
		{B1DC1847-4B7D-4718-8F9D-40291AC3CB4E}.Debug|Win32.ActiveCfg = Debug|Win32
		{B1DC1847-4B7D-4718-8F9D-40291AC3CB4E}.Debug|Win32.Build.0 = Debug|Win32
		{B1DC1847-4B7D-4718-8F9D-40291AC3CB4E}.Max|Win32.ActiveCfg = Max|Win32
		{B1DC1847-4B7D-4718-8F9D-40291AC3CB4E}.Max|Win32.Build.0 = Max|Win32
		{B1DC1847-4B7D-4718-8F9D-40291AC3CB4E}.Release|Win32.ActiveCfg = Release|Win32
		{B1DC1847-4B7D-4718-8F9D-40291AC3CB4E}.Release|Win32.Build.0 = Release|Win32
	EndGlobalSection
	GlobalSection(SolutionProperties) = preSolution
		HideSolutionNode = FALSE
	EndGlobalSection
EndGlobal
